
Microsoft Visual Studio Solution File, Format Version 12.00
# Visual Studio 15
VisualStudioVersion = 15.0.28307.168
MinimumVisualStudioVersion = 10.0.40219.1
Project("{FAE04EC0-301F-11D3-BF4B-00C04F79EFBC}") = "731909", "731909\731909.csproj", "{56509A25-6206-4915-ACF9-45609EFE19D6}"
EndProject
Global
	GlobalSection(SolutionConfigurationPlatforms) = preSolution
		Debug|Any CPU = Debug|Any CPU
		Release|Any CPU = Release|Any CPU
	EndGlobalSection
	GlobalSection(ProjectConfigurationPlatforms) = postSolution
		{56509A25-6206-4915-ACF9-45609EFE19D6}.Debug|Any CPU.ActiveCfg = Debug|Any CPU
		{56509A25-6206-4915-ACF9-45609EFE19D6}.Debug|Any CPU.Build.0 = Debug|Any CPU
		{56509A25-6206-4915-ACF9-45609EFE19D6}.Release|Any CPU.ActiveCfg = Release|Any CPU
		{56509A25-6206-4915-ACF9-45609EFE19D6}.Release|Any CPU.Build.0 = Release|Any CPU
	EndGlobalSection
	GlobalSection(SolutionProperties) = preSolution
		HideSolutionNode = FALSE
	EndGlobalSection
	GlobalSection(ExtensibilityGlobals) = postSolution
		SolutionGuid = {5CE32192-C069-4CD9-BAB1-21916CA6B472}
	EndGlobalSection
EndGlobal
